
Microsoft Visual Studio Solution File, Format Version 12.00
# Visual Studio Version 17
VisualStudioVersion = 17.3.32901.215
MinimumVisualStudioVersion = 10.0.40219.1
Project("{8BC9CEB8-8B4A-11D0-8D11-00A0C91BC942}") = "GameEngine", "GameEngine\GameEngine.vcxproj", "{CF31B173-4B35-4325-8839-096C910D330F}"
EndProject
Project("{8BC9CEB8-8B4A-11D0-8D11-00A0C91BC942}") = "Legend", "Legend\Legend.vcxproj", "{56C32329-6C53-44B2-AB9E-ED38C48DBC11}"
EndProject
Project("{8BC9CEB8-8B4A-11D0-8D11-00A0C91BC942}") = "Editor", "Editor\Editor.vcxproj", "{001AABCE-0459-4E80-BF3E-A43BFF63263E}"
	ProjectSection(ProjectDependencies) = postProject
		{CF31B173-4B35-4325-8839-096C910D330F} = {CF31B173-4B35-4325-8839-096C910D330F}
	EndProjectSection
EndProject
Project("{8BC9CEB8-8B4A-11D0-8D11-00A0C91BC942}") = "ClientServer", "ClientServer\ClientServer.vcxproj", "{BE9DDDC3-503E-441C-897E-3C971C6DEC5B}"
	ProjectSection(ProjectDependencies) = postProject
		{CF31B173-4B35-4325-8839-096C910D330F} = {CF31B173-4B35-4325-8839-096C910D330F}
	EndProjectSection
EndProject
Global
	GlobalSection(SolutionConfigurationPlatforms) = preSolution
		OpenGLEditorDebug|x64 = OpenGLEditorDebug|x64
		OpenGLEditorDebug|x86 = OpenGLEditorDebug|x86
		OpenGLEditorRelease|x64 = OpenGLEditorRelease|x64
		OpenGLEditorRelease|x86 = OpenGLEditorRelease|x86
		OpenGLGameDebug|x64 = OpenGLGameDebug|x64
		OpenGLGameDebug|x86 = OpenGLGameDebug|x86
		OpenGLGameRelease|x64 = OpenGLGameRelease|x64
		OpenGLGameRelease|x86 = OpenGLGameRelease|x86
		VulkanEditorDebug|x64 = VulkanEditorDebug|x64
		VulkanEditorDebug|x86 = VulkanEditorDebug|x86
		VulkanEditorRelease|x64 = VulkanEditorRelease|x64
		VulkanEditorRelease|x86 = VulkanEditorRelease|x86
	EndGlobalSection
	GlobalSection(ProjectConfigurationPlatforms) = postSolution
		{CF31B173-4B35-4325-8839-096C910D330F}.OpenGLEditorDebug|x64.ActiveCfg = OpenGLEditorDebug|x64
		{CF31B173-4B35-4325-8839-096C910D330F}.OpenGLEditorDebug|x64.Build.0 = OpenGLEditorDebug|x64
		{CF31B173-4B35-4325-8839-096C910D330F}.OpenGLEditorDebug|x86.ActiveCfg = OpenGLEditorDebug|Win32
		{CF31B173-4B35-4325-8839-096C910D330F}.OpenGLEditorDebug|x86.Build.0 = OpenGLEditorDebug|Win32
		{CF31B173-4B35-4325-8839-096C910D330F}.OpenGLEditorRelease|x64.ActiveCfg = OpenGLEditorRelease|x64
		{CF31B173-4B35-4325-8839-096C910D330F}.OpenGLEditorRelease|x64.Build.0 = OpenGLEditorRelease|x64
		{CF31B173-4B35-4325-8839-096C910D330F}.OpenGLEditorRelease|x86.ActiveCfg = Release|Win32
		{CF31B173-4B35-4325-8839-096C910D330F}.OpenGLEditorRelease|x86.Build.0 = Release|Win32
		{CF31B173-4B35-4325-8839-096C910D330F}.OpenGLGameDebug|x64.ActiveCfg = OpenGLGameDebug|x64
		{CF31B173-4B35-4325-8839-096C910D330F}.OpenGLGameDebug|x64.Build.0 = OpenGLGameDebug|x64
		{CF31B173-4B35-4325-8839-096C910D330F}.OpenGLGameDebug|x86.ActiveCfg = OpenGLGameDebug|Win32
		{CF31B173-4B35-4325-8839-096C910D330F}.OpenGLGameDebug|x86.Build.0 = OpenGLGameDebug|Win32
		{CF31B173-4B35-4325-8839-096C910D330F}.OpenGLGameRelease|x64.ActiveCfg = OpenGLGameRelease|x64
		{CF31B173-4B35-4325-8839-096C910D330F}.OpenGLGameRelease|x64.Build.0 = OpenGLGameRelease|x64
		{CF31B173-4B35-4325-8839-096C910D330F}.OpenGLGameRelease|x86.ActiveCfg = OpenGLGameRelease|Win32
		{CF31B173-4B35-4325-8839-096C910D330F}.OpenGLGameRelease|x86.Build.0 = OpenGLGameRelease|Win32
		{CF31B173-4B35-4325-8839-096C910D330F}.VulkanEditorDebug|x64.ActiveCfg = VulkanEditorDebug|x64
		{CF31B173-4B35-4325-8839-096C910D330F}.VulkanEditorDebug|x64.Build.0 = VulkanEditorDebug|x64
		{CF31B173-4B35-4325-8839-096C910D330F}.VulkanEditorDebug|x86.ActiveCfg = VulkanEditorDebug|Win32
		{CF31B173-4B35-4325-8839-096C910D330F}.VulkanEditorDebug|x86.Build.0 = VulkanEditorDebug|Win32
		{CF31B173-4B35-4325-8839-096C910D330F}.VulkanEditorRelease|x64.ActiveCfg = VulkanEditorRelease|x64
		{CF31B173-4B35-4325-8839-096C910D330F}.VulkanEditorRelease|x64.Build.0 = VulkanEditorRelease|x64
		{CF31B173-4B35-4325-8839-096C910D330F}.VulkanEditorRelease|x86.ActiveCfg = VulkanEditorRelease|Win32
		{CF31B173-4B35-4325-8839-096C910D330F}.VulkanEditorRelease|x86.Build.0 = VulkanEditorRelease|Win32
		{56C32329-6C53-44B2-AB9E-ED38C48DBC11}.OpenGLEditorDebug|x64.ActiveCfg = OpenGLEditorDebug|x64
		{56C32329-6C53-44B2-AB9E-ED38C48DBC11}.OpenGLEditorDebug|x64.Build.0 = OpenGLEditorDebug|x64
		{56C32329-6C53-44B2-AB9E-ED38C48DBC11}.OpenGLEditorDebug|x86.ActiveCfg = OpenGLEditorDebug|Win32
		{56C32329-6C53-44B2-AB9E-ED38C48DBC11}.OpenGLEditorDebug|x86.Build.0 = OpenGLEditorDebug|Win32
		{56C32329-6C53-44B2-AB9E-ED38C48DBC11}.OpenGLEditorRelease|x64.ActiveCfg = OpenGLEditorRelease|x64
		{56C32329-6C53-44B2-AB9E-ED38C48DBC11}.OpenGLEditorRelease|x64.Build.0 = OpenGLEditorRelease|x64
		{56C32329-6C53-44B2-AB9E-ED38C48DBC11}.OpenGLEditorRelease|x86.ActiveCfg = Release|Win32
		{56C32329-6C53-44B2-AB9E-ED38C48DBC11}.OpenGLEditorRelease|x86.Build.0 = Release|Win32
		{56C32329-6C53-44B2-AB9E-ED38C48DBC11}.OpenGLGameDebug|x64.ActiveCfg = OpenGLGameDebug|x64
		{56C32329-6C53-44B2-AB9E-ED38C48DBC11}.OpenGLGameDebug|x64.Build.0 = OpenGLGameDebug|x64
		{56C32329-6C53-44B2-AB9E-ED38C48DBC11}.OpenGLGameDebug|x86.ActiveCfg = OpenGLGameDebug|Win32
		{56C32329-6C53-44B2-AB9E-ED38C48DBC11}.OpenGLGameDebug|x86.Build.0 = OpenGLGameDebug|Win32
		{56C32329-6C53-44B2-AB9E-ED38C48DBC11}.OpenGLGameRelease|x64.ActiveCfg = OpenGLGameRelease|x64
		{56C32329-6C53-44B2-AB9E-ED38C48DBC11}.OpenGLGameRelease|x64.Build.0 = OpenGLGameRelease|x64
		{56C32329-6C53-44B2-AB9E-ED38C48DBC11}.OpenGLGameRelease|x86.ActiveCfg = OpenGLGameRelease|Win32
		{56C32329-6C53-44B2-AB9E-ED38C48DBC11}.OpenGLGameRelease|x86.Build.0 = OpenGLGameRelease|Win32
		{56C32329-6C53-44B2-AB9E-ED38C48DBC11}.VulkanEditorDebug|x64.ActiveCfg = VulkanEditorDebug|x64
		{56C32329-6C53-44B2-AB9E-ED38C48DBC11}.VulkanEditorDebug|x64.Build.0 = VulkanEditorDebug|x64
		{56C32329-6C53-44B2-AB9E-ED38C48DBC11}.VulkanEditorDebug|x86.ActiveCfg = VulkanEditorDebug|Win32
		{56C32329-6C53-44B2-AB9E-ED38C48DBC11}.VulkanEditorDebug|x86.Build.0 = VulkanEditorDebug|Win32
		{56C32329-6C53-44B2-AB9E-ED38C48DBC11}.VulkanEditorRelease|x64.ActiveCfg = VulkanEditorRelease|x64
		{56C32329-6C53-44B2-AB9E-ED38C48DBC11}.VulkanEditorRelease|x64.Build.0 = VulkanEditorRelease|x64
		{56C32329-6C53-44B2-AB9E-ED38C48DBC11}.VulkanEditorRelease|x86.ActiveCfg = VulkanEditorRelease|Win32
		{56C32329-6C53-44B2-AB9E-ED38C48DBC11}.VulkanEditorRelease|x86.Build.0 = VulkanEditorRelease|Win32
		{001AABCE-0459-4E80-BF3E-A43BFF63263E}.OpenGLEditorDebug|x64.ActiveCfg = OpenGLEditorDebug|x64
		{001AABCE-0459-4E80-BF3E-A43BFF63263E}.OpenGLEditorDebug|x64.Build.0 = OpenGLEditorDebug|x64
		{001AABCE-0459-4E80-BF3E-A43BFF63263E}.OpenGLEditorDebug|x86.ActiveCfg = OpenGLEditorDebug|Win32
		{001AABCE-0459-4E80-BF3E-A43BFF63263E}.OpenGLEditorDebug|x86.Build.0 = OpenGLEditorDebug|Win32
		{001AABCE-0459-4E80-BF3E-A43BFF63263E}.OpenGLEditorRelease|x64.ActiveCfg = OpenGLEditorRelease|x64
		{001AABCE-0459-4E80-BF3E-A43BFF63263E}.OpenGLEditorRelease|x64.Build.0 = OpenGLEditorRelease|x64
		{001AABCE-0459-4E80-BF3E-A43BFF63263E}.OpenGLEditorRelease|x86.ActiveCfg = Release|Win32
		{001AABCE-0459-4E80-BF3E-A43BFF63263E}.OpenGLEditorRelease|x86.Build.0 = Release|Win32
		{001AABCE-0459-4E80-BF3E-A43BFF63263E}.OpenGLGameDebug|x64.ActiveCfg = OpenGLGameDebug|x64
		{001AABCE-0459-4E80-BF3E-A43BFF63263E}.OpenGLGameDebug|x64.Build.0 = OpenGLGameDebug|x64
		{001AABCE-0459-4E80-BF3E-A43BFF63263E}.OpenGLGameDebug|x86.ActiveCfg = OpenGLGameDebug|Win32
		{001AABCE-0459-4E80-BF3E-A43BFF63263E}.OpenGLGameDebug|x86.Build.0 = OpenGLGameDebug|Win32
		{001AABCE-0459-4E80-BF3E-A43BFF63263E}.OpenGLGameRelease|x64.ActiveCfg = OpenGLGameRelease|x64
		{001AABCE-0459-4E80-BF3E-A43BFF63263E}.OpenGLGameRelease|x64.Build.0 = OpenGLGameRelease|x64
		{001AABCE-0459-4E80-BF3E-A43BFF63263E}.OpenGLGameRelease|x86.ActiveCfg = OpenGLGameRelease|Win32
		{001AABCE-0459-4E80-BF3E-A43BFF63263E}.OpenGLGameRelease|x86.Build.0 = OpenGLGameRelease|Win32
		{001AABCE-0459-4E80-BF3E-A43BFF63263E}.VulkanEditorDebug|x64.ActiveCfg = VulkanEditorDebug|x64
		{001AABCE-0459-4E80-BF3E-A43BFF63263E}.VulkanEditorDebug|x64.Build.0 = VulkanEditorDebug|x64
		{001AABCE-0459-4E80-BF3E-A43BFF63263E}.VulkanEditorDebug|x86.ActiveCfg = VulkanEditorDebug|Win32
		{001AABCE-0459-4E80-BF3E-A43BFF63263E}.VulkanEditorDebug|x86.Build.0 = VulkanEditorDebug|Win32
		{001AABCE-0459-4E80-BF3E-A43BFF63263E}.VulkanEditorRelease|x64.ActiveCfg = VulkanEditorRelease|x64
		{001AABCE-0459-4E80-BF3E-A43BFF63263E}.VulkanEditorRelease|x64.Build.0 = VulkanEditorRelease|x64
		{001AABCE-0459-4E80-BF3E-A43BFF63263E}.VulkanEditorRelease|x86.ActiveCfg = VulkanEditorRelease|Win32
		{001AABCE-0459-4E80-BF3E-A43BFF63263E}.VulkanEditorRelease|x86.Build.0 = VulkanEditorRelease|Win32
		{BE9DDDC3-503E-441C-897E-3C971C6DEC5B}.OpenGLEditorDebug|x64.ActiveCfg = OpenGLEditorDebug|x64
		{BE9DDDC3-503E-441C-897E-3C971C6DEC5B}.OpenGLEditorDebug|x64.Build.0 = OpenGLEditorDebug|x64
		{BE9DDDC3-503E-441C-897E-3C971C6DEC5B}.OpenGLEditorDebug|x86.ActiveCfg = OpenGLEditorDebug|Win32
		{BE9DDDC3-503E-441C-897E-3C971C6DEC5B}.OpenGLEditorDebug|x86.Build.0 = OpenGLEditorDebug|Win32
		{BE9DDDC3-503E-441C-897E-3C971C6DEC5B}.OpenGLEditorRelease|x64.ActiveCfg = OpenGLEditorRelease|x64
		{BE9DDDC3-503E-441C-897E-3C971C6DEC5B}.OpenGLEditorRelease|x64.Build.0 = OpenGLEditorRelease|x64
		{BE9DDDC3-503E-441C-897E-3C971C6DEC5B}.OpenGLEditorRelease|x86.ActiveCfg = OpenGLEditorRelease|Win32
		{BE9DDDC3-503E-441C-897E-3C971C6DEC5B}.OpenGLEditorRelease|x86.Build.0 = OpenGLEditorRelease|Win32
		{BE9DDDC3-503E-441C-897E-3C971C6DEC5B}.OpenGLGameDebug|x64.ActiveCfg = OpenGLEditorDebug|x64
		{BE9DDDC3-503E-441C-897E-3C971C6DEC5B}.OpenGLGameDebug|x64.Build.0 = OpenGLEditorDebug|x64
		{BE9DDDC3-503E-441C-897E-3C971C6DEC5B}.OpenGLGameDebug|x86.ActiveCfg = OpenGLEditorDebug|Win32
		{BE9DDDC3-503E-441C-897E-3C971C6DEC5B}.OpenGLGameDebug|x86.Build.0 = OpenGLEditorDebug|Win32
		{BE9DDDC3-503E-441C-897E-3C971C6DEC5B}.OpenGLGameRelease|x64.ActiveCfg = OpenGLEditorRelease|x64
		{BE9DDDC3-503E-441C-897E-3C971C6DEC5B}.OpenGLGameRelease|x64.Build.0 = OpenGLEditorRelease|x64
		{BE9DDDC3-503E-441C-897E-3C971C6DEC5B}.OpenGLGameRelease|x86.ActiveCfg = OpenGLEditorRelease|Win32
		{BE9DDDC3-503E-441C-897E-3C971C6DEC5B}.OpenGLGameRelease|x86.Build.0 = OpenGLEditorRelease|Win32
		{BE9DDDC3-503E-441C-897E-3C971C6DEC5B}.VulkanEditorDebug|x64.ActiveCfg = OpenGLEditorDebug|x64
		{BE9DDDC3-503E-441C-897E-3C971C6DEC5B}.VulkanEditorDebug|x64.Build.0 = OpenGLEditorDebug|x64
		{BE9DDDC3-503E-441C-897E-3C971C6DEC5B}.VulkanEditorDebug|x86.ActiveCfg = OpenGLEditorDebug|Win32
		{BE9DDDC3-503E-441C-897E-3C971C6DEC5B}.VulkanEditorDebug|x86.Build.0 = OpenGLEditorDebug|Win32
		{BE9DDDC3-503E-441C-897E-3C971C6DEC5B}.VulkanEditorRelease|x64.ActiveCfg = OpenGLEditorRelease|x64
		{BE9DDDC3-503E-441C-897E-3C971C6DEC5B}.VulkanEditorRelease|x64.Build.0 = OpenGLEditorRelease|x64
		{BE9DDDC3-503E-441C-897E-3C971C6DEC5B}.VulkanEditorRelease|x86.ActiveCfg = OpenGLEditorRelease|Win32
		{BE9DDDC3-503E-441C-897E-3C971C6DEC5B}.VulkanEditorRelease|x86.Build.0 = OpenGLEditorRelease|Win32
	EndGlobalSection
	GlobalSection(SolutionProperties) = preSolution
		HideSolutionNode = FALSE
	EndGlobalSection
	GlobalSection(ExtensibilityGlobals) = postSolution
		SolutionGuid = {C56C4ED2-58E6-4852-93F1-C775563F6FFC}
	EndGlobalSection
EndGlobal
