
Microsoft Visual Studio Solution File, Format Version 12.00
# Visual Studio Version 17
VisualStudioVersion = 17.3.32901.215
MinimumVisualStudioVersion = 10.0.40219.1
Project("{8BC9CEB8-8B4A-11D0-8D11-00A0C91BC942}") = "GameEngine", "GameEngine\GameEngine.vcxproj", "{CF31B173-4B35-4325-8839-096C910D330F}"
EndProject
Project("{8BC9CEB8-8B4A-11D0-8D11-00A0C91BC942}") = "Legend", "Legend\Legend.vcxproj", "{56C32329-6C53-44B2-AB9E-ED38C48DBC11}"
EndProject
Project("{8BC9CEB8-8B4A-11D0-8D11-00A0C91BC942}") = "Editor", "Editor\Editor.vcxproj", "{001AABCE-0459-4E80-BF3E-A43BFF63263E}"
	ProjectSection(ProjectDependencies) = postProject
		{CF31B173-4B35-4325-8839-096C910D330F} = {CF31B173-4B35-4325-8839-096C910D330F}
	EndProjectSection
EndProject
Global
	GlobalSection(SolutionConfigurationPlatforms) = preSolution
		OpenGLEditorDebug|x64 = OpenGLEditorDebug|x64
		OpenGLEditorDebug|x86 = OpenGLEditorDebug|x86
		OpenGLEditorRelease|x64 = OpenGLEditorRelease|x64
		OpenGLEditorRelease|x86 = OpenGLEditorRelease|x86
		VulkanEditorDebug|x64 = VulkanEditorDebug|x64
		VulkanEditorDebug|x86 = VulkanEditorDebug|x86
		VulkanEditorRelease|x64 = VulkanEditorRelease|x64
		VulkanEditorRelease|x86 = VulkanEditorRelease|x86
	EndGlobalSection
	GlobalSection(ProjectConfigurationPlatforms) = postSolution
		{CF31B173-4B35-4325-8839-096C910D330F}.OpenGLEditorDebug|x64.ActiveCfg = OpenGLDebug|x64
		{CF31B173-4B35-4325-8839-096C910D330F}.OpenGLEditorDebug|x64.Build.0 = OpenGLDebug|x64
		{CF31B173-4B35-4325-8839-096C910D330F}.OpenGLEditorDebug|x86.ActiveCfg = OpenGLDebug|Win32
		{CF31B173-4B35-4325-8839-096C910D330F}.OpenGLEditorDebug|x86.Build.0 = OpenGLDebug|Win32
		{CF31B173-4B35-4325-8839-096C910D330F}.OpenGLEditorRelease|x64.ActiveCfg = OpenGLRelease|x64
		{CF31B173-4B35-4325-8839-096C910D330F}.OpenGLEditorRelease|x64.Build.0 = OpenGLRelease|x64
		{CF31B173-4B35-4325-8839-096C910D330F}.OpenGLEditorRelease|x86.ActiveCfg = Release|Win32
		{CF31B173-4B35-4325-8839-096C910D330F}.OpenGLEditorRelease|x86.Build.0 = Release|Win32
		{CF31B173-4B35-4325-8839-096C910D330F}.VulkanEditorDebug|x64.ActiveCfg = VulkanDebug|x64
		{CF31B173-4B35-4325-8839-096C910D330F}.VulkanEditorDebug|x64.Build.0 = VulkanDebug|x64
		{CF31B173-4B35-4325-8839-096C910D330F}.VulkanEditorDebug|x86.ActiveCfg = VulkanDebug|Win32
		{CF31B173-4B35-4325-8839-096C910D330F}.VulkanEditorDebug|x86.Build.0 = VulkanDebug|Win32
		{CF31B173-4B35-4325-8839-096C910D330F}.VulkanEditorRelease|x64.ActiveCfg = VulkanRelease|x64
		{CF31B173-4B35-4325-8839-096C910D330F}.VulkanEditorRelease|x64.Build.0 = VulkanRelease|x64
		{CF31B173-4B35-4325-8839-096C910D330F}.VulkanEditorRelease|x86.ActiveCfg = VulkanRelease|Win32
		{CF31B173-4B35-4325-8839-096C910D330F}.VulkanEditorRelease|x86.Build.0 = VulkanRelease|Win32
		{56C32329-6C53-44B2-AB9E-ED38C48DBC11}.OpenGLEditorDebug|x64.ActiveCfg = OpenGLDebug|x64
		{56C32329-6C53-44B2-AB9E-ED38C48DBC11}.OpenGLEditorDebug|x64.Build.0 = OpenGLDebug|x64
		{56C32329-6C53-44B2-AB9E-ED38C48DBC11}.OpenGLEditorDebug|x86.ActiveCfg = OpenGLDebug|Win32
		{56C32329-6C53-44B2-AB9E-ED38C48DBC11}.OpenGLEditorDebug|x86.Build.0 = OpenGLDebug|Win32
		{56C32329-6C53-44B2-AB9E-ED38C48DBC11}.OpenGLEditorRelease|x64.ActiveCfg = OpenGLRelease|x64
		{56C32329-6C53-44B2-AB9E-ED38C48DBC11}.OpenGLEditorRelease|x64.Build.0 = OpenGLRelease|x64
		{56C32329-6C53-44B2-AB9E-ED38C48DBC11}.OpenGLEditorRelease|x86.ActiveCfg = Release|Win32
		{56C32329-6C53-44B2-AB9E-ED38C48DBC11}.OpenGLEditorRelease|x86.Build.0 = Release|Win32
		{56C32329-6C53-44B2-AB9E-ED38C48DBC11}.VulkanEditorDebug|x64.ActiveCfg = VulkanDebug|x64
		{56C32329-6C53-44B2-AB9E-ED38C48DBC11}.VulkanEditorDebug|x64.Build.0 = VulkanDebug|x64
		{56C32329-6C53-44B2-AB9E-ED38C48DBC11}.VulkanEditorDebug|x86.ActiveCfg = VulkanDebug|Win32
		{56C32329-6C53-44B2-AB9E-ED38C48DBC11}.VulkanEditorDebug|x86.Build.0 = VulkanDebug|Win32
		{56C32329-6C53-44B2-AB9E-ED38C48DBC11}.VulkanEditorRelease|x64.ActiveCfg = VulkanRelease|x64
		{56C32329-6C53-44B2-AB9E-ED38C48DBC11}.VulkanEditorRelease|x64.Build.0 = VulkanRelease|x64
		{56C32329-6C53-44B2-AB9E-ED38C48DBC11}.VulkanEditorRelease|x86.ActiveCfg = VulkanRelease|Win32
		{56C32329-6C53-44B2-AB9E-ED38C48DBC11}.VulkanEditorRelease|x86.Build.0 = VulkanRelease|Win32
		{001AABCE-0459-4E80-BF3E-A43BFF63263E}.OpenGLEditorDebug|x64.ActiveCfg = OpenGLDebug|x64
		{001AABCE-0459-4E80-BF3E-A43BFF63263E}.OpenGLEditorDebug|x64.Build.0 = OpenGLDebug|x64
		{001AABCE-0459-4E80-BF3E-A43BFF63263E}.OpenGLEditorDebug|x86.ActiveCfg = OpenGLDebug|Win32
		{001AABCE-0459-4E80-BF3E-A43BFF63263E}.OpenGLEditorDebug|x86.Build.0 = OpenGLDebug|Win32
		{001AABCE-0459-4E80-BF3E-A43BFF63263E}.OpenGLEditorRelease|x64.ActiveCfg = OpenGLRelease|x64
		{001AABCE-0459-4E80-BF3E-A43BFF63263E}.OpenGLEditorRelease|x64.Build.0 = OpenGLRelease|x64
		{001AABCE-0459-4E80-BF3E-A43BFF63263E}.OpenGLEditorRelease|x86.ActiveCfg = Release|Win32
		{001AABCE-0459-4E80-BF3E-A43BFF63263E}.OpenGLEditorRelease|x86.Build.0 = Release|Win32
		{001AABCE-0459-4E80-BF3E-A43BFF63263E}.VulkanEditorDebug|x64.ActiveCfg = VulkanDebug|x64
		{001AABCE-0459-4E80-BF3E-A43BFF63263E}.VulkanEditorDebug|x64.Build.0 = VulkanDebug|x64
		{001AABCE-0459-4E80-BF3E-A43BFF63263E}.VulkanEditorDebug|x86.ActiveCfg = VulkanDebug|Win32
		{001AABCE-0459-4E80-BF3E-A43BFF63263E}.VulkanEditorDebug|x86.Build.0 = VulkanDebug|Win32
		{001AABCE-0459-4E80-BF3E-A43BFF63263E}.VulkanEditorRelease|x64.ActiveCfg = VulkanRelease|x64
		{001AABCE-0459-4E80-BF3E-A43BFF63263E}.VulkanEditorRelease|x64.Build.0 = VulkanRelease|x64
		{001AABCE-0459-4E80-BF3E-A43BFF63263E}.VulkanEditorRelease|x86.ActiveCfg = VulkanRelease|Win32
		{001AABCE-0459-4E80-BF3E-A43BFF63263E}.VulkanEditorRelease|x86.Build.0 = VulkanRelease|Win32
	EndGlobalSection
	GlobalSection(SolutionProperties) = preSolution
		HideSolutionNode = FALSE
	EndGlobalSection
	GlobalSection(ExtensibilityGlobals) = postSolution
		SolutionGuid = {C56C4ED2-58E6-4852-93F1-C775563F6FFC}
	EndGlobalSection
EndGlobal
